{
  "version": "5",
  "specifiers": {
    "npm:@zag-js/core@^1.18.5": "1.18.5",
    "npm:@zag-js/utils@^1.18.5": "1.18.5",
    "npm:alpinejs@^3.14.9": "3.14.9"
  },
  "npm": {
    "@vue/reactivity@3.1.5": {
      "integrity": "sha512-1tdfLmNjWG6t/CsPldh+foumYFo3cpyCHgBYQ34ylaMsJ+SNHQ1kApMIa8jN+i593zQuaw3AdWH0nJTARzCFhg==",
      "dependencies": [
        "@vue/shared"
      ]
    },
    "@vue/shared@3.1.5": {
      "integrity": "sha512-oJ4F3TnvpXaQwZJNF3ZK+kLPHKarDmJjJ6jyzVNDKH9md1dptjC7lWR//jrGuLdek/U6iltWxqAnYOu8gCiOvA=="
    },
    "@zag-js/core@1.18.5": {
      "integrity": "sha512-1ciVFlcYSeCInpabf4F8CXU7J4G8OlERgFSCA8/0CiZASWtl12MHMNNDF9Pf0JodsFsg+wGEaPolUwyBKdQyuw==",
      "dependencies": [
        "@zag-js/dom-query",
        "@zag-js/utils"
      ]
    },
    "@zag-js/dom-query@1.18.5": {
      "integrity": "sha512-itCRFq2jjAhGI1Zh9+vHwfkd8LI9ACBcAP8SoNj9c+HC53obUP5Z1Wmr9t55RdTkl0hnohiFleqjRQ3qjDyILw==",
      "dependencies": [
        "@zag-js/types"
      ]
    },
    "@zag-js/types@1.18.5": {
      "integrity": "sha512-/xZNwNz/VK2iwJBCOA+ZH9a6WB8fktI5lBH9u752h9xbSPyfR31Wbg/T5akb8y21t+MfkjXNhAy3jyarriw+Ew==",
      "dependencies": [
        "csstype"
      ]
    },
    "@zag-js/utils@1.18.5": {
      "integrity": "sha512-mtpSotY+LQTFvteDkDRS+xE33qOHq4rS40YehDAeXBHxC9lJ0ViP0oVwjhlBPPhLKy/JLKzDmgHuaF6RWgpwLg=="
    },
    "alpinejs@3.14.9": {
      "integrity": "sha512-gqSOhTEyryU9FhviNqiHBHzgjkvtukq9tevew29fTj+ofZtfsYriw4zPirHHOAy9bw8QoL3WGhyk7QqCh5AYlw==",
      "dependencies": [
        "@vue/reactivity"
      ]
    },
    "csstype@3.1.3": {
      "integrity": "sha512-M1uQkMl8rQK/szD0LNhtqxIPLpimGm8sOBwU7lLnCpSbTyY3yeU1Vc7l4KT5zT4s/yOxHH5O7tIuuLOCnLADRw=="
    }
  },
  "workspace": {
    "dependencies": [
      "npm:@zag-js/core@^1.18.5",
      "npm:@zag-js/utils@^1.18.5",
      "npm:alpinejs@^3.14.9"
    ]
  }
}
